// !$*UTF8*$!
{
	archiveVersion = 1;
	classes = {
	};
	objectVersion = 46;
	objects = {

/* Begin PBXBuildFile section */
		18AC17EE1CB91F620042C837 /* confirmViewController.swift in Sources */ = {isa = PBXBuildFile; fileRef = 18AC17ED1CB91F620042C837 /* confirmViewController.swift */; };
		18AC17F01CBAA1630042C837 /* cocinaViewController.swift in Sources */ = {isa = PBXBuildFile; fileRef = 18AC17EF1CBAA1630042C837 /* cocinaViewController.swift */; };
		18DAD0241CB68D140033F89F /* AppDelegate.swift in Sources */ = {isa = PBXBuildFile; fileRef = 18DAD0231CB68D140033F89F /* AppDelegate.swift */; };
		18DAD0261CB68D140033F89F /* ViewController.swift in Sources */ = {isa = PBXBuildFile; fileRef = 18DAD0251CB68D140033F89F /* ViewController.swift */; };
		18DAD0291CB68D140033F89F /* Main.storyboard in Resources */ = {isa = PBXBuildFile; fileRef = 18DAD0271CB68D140033F89F /* Main.storyboard */; };
		18DAD02B1CB68D140033F89F /* Assets.xcassets in Resources */ = {isa = PBXBuildFile; fileRef = 18DAD02A1CB68D140033F89F /* Assets.xcassets */; };
		18DAD02E1CB68D140033F89F /* LaunchScreen.storyboard in Resources */ = {isa = PBXBuildFile; fileRef = 18DAD02C1CB68D140033F89F /* LaunchScreen.storyboard */; };
		18DAD0381CB69D4C0033F89F /* tamanoViewController.swift in Sources */ = {isa = PBXBuildFile; fileRef = 18DAD0371CB69D4C0033F89F /* tamanoViewController.swift */; };
		18DAD03A1CB6AF3D0033F89F /* masaViewController.swift in Sources */ = {isa = PBXBuildFile; fileRef = 18DAD0391CB6AF3D0033F89F /* masaViewController.swift */; };
		18DAD03C1CB6B0E70033F89F /* quesoViewController.swift in Sources */ = {isa = PBXBuildFile; fileRef = 18DAD03B1CB6B0E70033F89F /* quesoViewController.swift */; };
		18DAD03E1CB6B2B40033F89F /* ingredienteViewController.swift in Sources */ = {isa = PBXBuildFile; fileRef = 18DAD03D1CB6B2B40033F89F /* ingredienteViewController.swift */; };
		D0BD60D91D6AC2B200C87B80 /* Default-568h@2x.png in Resources */ = {isa = PBXBuildFile; fileRef = D0BD60D81D6AC2B200C87B80 /* Default-568h@2x.png */; };
/* End PBXBuildFile section */

/* Begin PBXFileReference section */
		18AC17ED1CB91F620042C837 /* confirmViewController.swift */ = {isa = PBXFileReference; fileEncoding = 4; lastKnownFileType = sourcecode.swift; path = confirmViewController.swift; sourceTree = "<group>"; };
		18AC17EF1CBAA1630042C837 /* cocinaViewController.swift */ = {isa = PBXFileReference; fileEncoding = 4; lastKnownFileType = sourcecode.swift; path = cocinaViewController.swift; sourceTree = "<group>"; };
		18DAD0201CB68D140033F89F /* PizzaMX.app */ = {isa = PBXFileReference; explicitFileType = wrapper.application; includeInIndex = 0; path = PizzaMX.app; sourceTree = BUILT_PRODUCTS_DIR; };
		18DAD0231CB68D140033F89F /* AppDelegate.swift */ = {isa = PBXFileReference; lastKnownFileType = sourcecode.swift; path = AppDelegate.swift; sourceTree = "<group>"; };
		18DAD0251CB68D140033F89F /* ViewController.swift */ = {isa = PBXFileReference; lastKnownFileType = sourcecode.swift; path = ViewController.swift; sourceTree = "<group>"; };
		18DAD0281CB68D140033F89F /* Base */ = {isa = PBXFileReference; lastKnownFileType = file.storyboard; name = Base; path = Base.lproj/Main.storyboard; sourceTree = "<group>"; };
		18DAD02A1CB68D140033F89F /* Assets.xcassets */ = {isa = PBXFileReference; lastKnownFileType = folder.assetcatalog; path = Assets.xcassets; sourceTree = "<group>"; };
		18DAD02D1CB68D140033F89F /* Base */ = {isa = PBXFileReference; lastKnownFileType = file.storyboard; name = Base; path = Base.lproj/LaunchScreen.storyboard; sourceTree = "<group>"; };
		18DAD02F1CB68D140033F89F /* Info.plist */ = {isa = PBXFileReference; lastKnownFileType = text.plist.xml; path = Info.plist; sourceTree = "<group>"; };
		18DAD0371CB69D4C0033F89F /* tamanoViewController.swift */ = {isa = PBXFileReference; fileEncoding = 4; lastKnownFileType = sourcecode.swift; path = tamanoViewController.swift; sourceTree = "<group>"; };
		18DAD0391CB6AF3D0033F89F /* masaViewController.swift */ = {isa = PBXFileReference; fileEncoding = 4; lastKnownFileType = sourcecode.swift; path = masaViewController.swift; sourceTree = "<group>"; };
		18DAD03B1CB6B0E70033F89F /* quesoViewController.swift */ = {isa = PBXFileReference; fileEncoding = 4; lastKnownFileType = sourcecode.swift; path = quesoViewController.swift; sourceTree = "<group>"; };
		18DAD03D1CB6B2B40033F89F /* ingredienteViewController.swift */ = {isa = PBXFileReference; fileEncoding = 4; lastKnownFileType = sourcecode.swift; path = ingredienteViewController.swift; sourceTree = "<group>"; };
		D0BD60D81D6AC2B200C87B80 /* Default-568h@2x.png */ = {isa = PBXFileReference; lastKnownFileType = image.png; path = "Default-568h@2x.png"; sourceTree = "<group>"; };
/* End PBXFileReference section */

/* Begin PBXFrameworksBuildPhase section */
		18DAD01D1CB68D140033F89F /* Frameworks */ = {
			isa = PBXFrameworksBuildPhase;
			buildActionMask = 2147483647;
			files = (
			);
			runOnlyForDeploymentPostprocessing = 0;
		};
/* End PBXFrameworksBuildPhase section */

/* Begin PBXGroup section */
		18DAD0171CB68D140033F89F = {
			isa = PBXGroup;
			children = (
				D0BD60D81D6AC2B200C87B80 /* Default-568h@2x.png */,
				18DAD0221CB68D140033F89F /* PizzaMX */,
				18DAD0211CB68D140033F89F /* Products */,
			);
			sourceTree = "<group>";
		};
		18DAD0211CB68D140033F89F /* Products */ = {
			isa = PBXGroup;
			children = (
				18DAD0201CB68D140033F89F /* PizzaMX.app */,
			);
			name = Products;
			sourceTree = "<group>";
		};
		18DAD0221CB68D140033F89F /* PizzaMX */ = {
			isa = PBXGroup;
			children = (
				18DAD0231CB68D140033F89F /* AppDelegate.swift */,
				18DAD0251CB68D140033F89F /* ViewController.swift */,
				18DAD0271CB68D140033F89F /* Main.storyboard */,
				18DAD02A1CB68D140033F89F /* Assets.xcassets */,
				18DAD02C1CB68D140033F89F /* LaunchScreen.storyboard */,
				18DAD02F1CB68D140033F89F /* Info.plist */,
				18DAD0371CB69D4C0033F89F /* tamanoViewController.swift */,
				18DAD0391CB6AF3D0033F89F /* masaViewController.swift */,
				18DAD03B1CB6B0E70033F89F /* quesoViewController.swift */,
				18DAD03D1CB6B2B40033F89F /* ingredienteViewController.swift */,
				18AC17ED1CB91F620042C837 /* confirmViewController.swift */,
				18AC17EF1CBAA1630042C837 /* cocinaViewController.swift */,
			);
			path = PizzaMX;
			sourceTree = "<group>";
			usesTabs = 0;
		};
/* End PBXGroup section */

/* Begin PBXNativeTarget section */
		18DAD01F1CB68D140033F89F /* PizzaMX */ = {
			isa = PBXNativeTarget;
			buildConfigurationList = 18DAD0321CB68D140033F89F /* Build configuration list for PBXNativeTarget "PizzaMX" */;
			buildPhases = (
				18DAD01C1CB68D140033F89F /* Sources */,
				18DAD01D1CB68D140033F89F /* Frameworks */,
				18DAD01E1CB68D140033F89F /* Resources */,
			);
			buildRules = (
			);
			dependencies = (
			);
			name = PizzaMX;
			productName = "MakePizza!";
			productReference = 18DAD0201CB68D140033F89F /* PizzaMX.app */;
			productType = "com.apple.product-type.application";
		};
/* End PBXNativeTarget section */

/* Begin PBXProject section */
		18DAD0181CB68D140033F89F /* Project object */ = {
			isa = PBXProject;
			attributes = {
				LastSwiftUpdateCheck = 0730;
				LastUpgradeCheck = 0730;
				ORGANIZATIONNAME = Hitechmx;
				TargetAttributes = {
					18DAD01F1CB68D140033F89F = {
						CreatedOnToolsVersion = 7.3;
						DevelopmentTeam = R87ZQYRJY7;
					};
				};
			};
			buildConfigurationList = 18DAD01B1CB68D140033F89F /* Build configuration list for PBXProject "PizzaMX" */;
			compatibilityVersion = "Xcode 3.2";
			developmentRegion = English;
			hasScannedForEncodings = 0;
			knownRegions = (
				en,
				Base,
			);
			mainGroup = 18DAD0171CB68D140033F89F;
			productRefGroup = 18DAD0211CB68D140033F89F /* Products */;
			projectDirPath = "";
			projectRoot = "";
			targets = (
				18DAD01F1CB68D140033F89F /* PizzaMX */,
			);
		};
/* End PBXProject section */

/* Begin PBXResourcesBuildPhase section */
		18DAD01E1CB68D140033F89F /* Resources */ = {
			isa = PBXResourcesBuildPhase;
			buildActionMask = 2147483647;
			files = (
				18DAD02E1CB68D140033F89F /* LaunchScreen.storyboard in Resources */,
				18DAD02B1CB68D140033F89F /* Assets.xcassets in Resources */,
				D0BD60D91D6AC2B200C87B80 /* Default-568h@2x.png in Resources */,
				18DAD0291CB68D140033F89F /* Main.storyboard in Resources */,
			);
			runOnlyForDeploymentPostprocessing = 0;
		};
/* End PBXResourcesBuildPhase section */

/* Begin PBXSourcesBuildPhase section */
		18DAD01C1CB68D140033F89F /* Sources */ = {
			isa = PBXSourcesBuildPhase;
			buildActionMask = 2147483647;
			files = (
				18DAD03C1CB6B0E70033F89F /* quesoViewController.swift in Sources */,
				18DAD03A1CB6AF3D0033F89F /* masaViewController.swift in Sources */,
				18DAD0261CB68D140033F89F /* ViewController.swift in Sources */,
				18AC17EE1CB91F620042C837 /* confirmViewController.swift in Sources */,
				18DAD03E1CB6B2B40033F89F /* ingredienteViewController.swift in Sources */,
				18DAD0381CB69D4C0033F89F /* tamanoViewController.swift in Sources */,
				18DAD0241CB68D140033F89F /* AppDelegate.swift in Sources */,
				18AC17F01CBAA1630042C837 /* cocinaViewController.swift in Sources */,
			);
			runOnlyForDeploymentPostprocessing = 0;
		};
/* End PBXSourcesBuildPhase section */

/* Begin PBXVariantGroup section */
		18DAD0271CB68D140033F89F /* Main.storyboard */ = {
			isa = PBXVariantGroup;
			children = (
				18DAD0281CB68D140033F89F /* Base */,
			);
			name = Main.storyboard;
			sourceTree = "<group>";
		};
		18DAD02C1CB68D140033F89F /* LaunchScreen.storyboard */ = {
			isa = PBXVariantGroup;
			children = (
				18DAD02D1CB68D140033F89F /* Base */,
			);
			name = LaunchScreen.storyboard;
			sourceTree = "<group>";
		};
/* End PBXVariantGroup section */

/* Begin XCBuildConfiguration section */
		18DAD0301CB68D140033F89F /* Debug */ = {
			isa = XCBuildConfiguration;
			buildSettings = {
				ALWAYS_SEARCH_USER_PATHS = NO;
				CLANG_ANALYZER_NONNULL = YES;
				CLANG_CXX_LANGUAGE_STANDARD = "gnu++0x";
				CLANG_CXX_LIBRARY = "libc++";
				CLANG_ENABLE_MODULES = YES;
				CLANG_ENABLE_OBJC_ARC = YES;
				CLANG_WARN_BOOL_CONVERSION = YES;
				CLANG_WARN_CONSTANT_CONVERSION = YES;
				CLANG_WARN_DIRECT_OBJC_ISA_USAGE = YES_ERROR;
				CLANG_WARN_EMPTY_BODY = YES;
				CLANG_WARN_ENUM_CONVERSION = YES;
				CLANG_WARN_INT_CONVERSION = YES;
				CLANG_WARN_OBJC_ROOT_CLASS = YES_ERROR;
				CLANG_WARN_UNREACHABLE_CODE = YES;
				CLANG_WARN__DUPLICATE_METHOD_MATCH = YES;
				"CODE_SIGN_IDENTITY[sdk=iphoneos*]" = "iPhone Developer";
				COPY_PHASE_STRIP = NO;
				DEBUG_INFORMATION_FORMAT = dwarf;
				ENABLE_STRICT_OBJC_MSGSEND = YES;
				ENABLE_TESTABILITY = YES;
				GCC_C_LANGUAGE_STANDARD = gnu99;
				GCC_DYNAMIC_NO_PIC = NO;
				GCC_NO_COMMON_BLOCKS = YES;
				GCC_OPTIMIZATION_LEVEL = 0;
				GCC_PREPROCESSOR_DEFINITIONS = (
					"DEBUG=1",
					"$(inherited)",
				);
				GCC_WARN_64_TO_32_BIT_CONVERSION = YES;
				GCC_WARN_ABOUT_RETURN_TYPE = YES_ERROR;
				GCC_WARN_UNDECLARED_SELECTOR = YES;
				GCC_WARN_UNINITIALIZED_AUTOS = YES_AGGRESSIVE;
				GCC_WARN_UNUSED_FUNCTION = YES;
				GCC_WARN_UNUSED_VARIABLE = YES;
				IPHONEOS_DEPLOYMENT_TARGET = 9.3;
				MTL_ENABLE_DEBUG_INFO = YES;
				ONLY_ACTIVE_ARCH = YES;
				SDKROOT = iphoneos;
				SWIFT_OPTIMIZATION_LEVEL = "-Onone";
			};
			name = Debug;
		};
		18DAD0311CB68D140033F89F /* Release */ = {
			isa = XCBuildConfiguration;
			buildSettings = {
				ALWAYS_SEARCH_USER_PATHS = NO;
				CLANG_ANALYZER_NONNULL = YES;
				CLANG_CXX_LANGUAGE_STANDARD = "gnu++0x";
				CLANG_CXX_LIBRARY = "libc++";
				CLANG_ENABLE_MODULES = YES;
				CLANG_ENABLE_OBJC_ARC = YES;
				CLANG_WARN_BOOL_CONVERSION = YES;
				CLANG_WARN_CONSTANT_CONVERSION = YES;
				CLANG_WARN_DIRECT_OBJC_ISA_USAGE = YES_ERROR;
				CLANG_WARN_EMPTY_BODY = YES;
				CLANG_WARN_ENUM_CONVERSION = YES;
				CLANG_WARN_INT_CONVERSION = YES;
				CLANG_WARN_OBJC_ROOT_CLASS = YES_ERROR;
				CLANG_WARN_UNREACHABLE_CODE = YES;
				CLANG_WARN__DUPLICATE_METHOD_MATCH = YES;
				"CODE_SIGN_IDENTITY[sdk=iphoneos*]" = "iPhone Developer";
				COPY_PHASE_STRIP = NO;
				DEBUG_INFORMATION_FORMAT = "dwarf-with-dsym";
				ENABLE_NS_ASSERTIONS = NO;
				ENABLE_STRICT_OBJC_MSGSEND = YES;
				GCC_C_LANGUAGE_STANDARD = gnu99;
				GCC_NO_COMMON_BLOCKS = YES;
				GCC_WARN_64_TO_32_BIT_CONVERSION = YES;
				GCC_WARN_ABOUT_RETURN_TYPE = YES_ERROR;
				GCC_WARN_UNDECLARED_SELECTOR = YES;
				GCC_WARN_UNINITIALIZED_AUTOS = YES_AGGRESSIVE;
				GCC_WARN_UNUSED_FUNCTION = YES;
				GCC_WARN_UNUSED_VARIABLE = YES;
				IPHONEOS_DEPLOYMENT_TARGET = 9.3;
				MTL_ENABLE_DEBUG_INFO = NO;
				SDKROOT = iphoneos;
				VALIDATE_PRODUCT = YES;
			};
			name = Release;
		};
		18DAD0331CB68D140033F89F /* Debug */ = {
			isa = XCBuildConfiguration;
			buildSettings = {
				ASSETCATALOG_COMPILER_APPICON_NAME = AppIcon;
				CODE_SIGN_IDENTITY = "iPhone Developer";
				INFOPLIST_FILE = PizzaMX/Info.plist;
				LD_RUNPATH_SEARCH_PATHS = "$(inherited) @executable_path/Frameworks";
				PRODUCT_BUNDLE_IDENTIFIER = "Erick-Huacuz";
				PRODUCT_NAME = PizzaMX;
				TARGETED_DEVICE_FAMILY = "1,2";
			};
			name = Debug;
		};
		18DAD0341CB68D140033F89F /* Release */ = {
			isa = XCBuildConfiguration;
			buildSettings = {
				ASSETCATALOG_COMPILER_APPICON_NAME = AppIcon;
				CODE_SIGN_IDENTITY = "iPhone Developer";
				INFOPLIST_FILE = PizzaMX/Info.plist;
				LD_RUNPATH_SEARCH_PATHS = "$(inherited) @executable_path/Frameworks";
				PRODUCT_BUNDLE_IDENTIFIER = "Erick-Huacuz";
				PRODUCT_NAME = PizzaMX;
				TARGETED_DEVICE_FAMILY = "1,2";
			};
			name = Release;
		};
/* End XCBuildConfiguration section */

/* Begin XCConfigurationList section */
		18DAD01B1CB68D140033F89F /* Build configuration list for PBXProject "PizzaMX" */ = {
			isa = XCConfigurationList;
			buildConfigurations = (
				18DAD0301CB68D140033F89F /* Debug */,
				18DAD0311CB68D140033F89F /* Release */,
			);
			defaultConfigurationIsVisible = 0;
			defaultConfigurationName = Release;
		};
		18DAD0321CB68D140033F89F /* Build configuration list for PBXNativeTarget "PizzaMX" */ = {
			isa = XCConfigurationList;
			buildConfigurations = (
				18DAD0331CB68D140033F89F /* Debug */,
				18DAD0341CB68D140033F89F /* Release */,
			);
			defaultConfigurationIsVisible = 0;
			defaultConfigurationName = Release;
		};
/* End XCConfigurationList section */
	};
	rootObject = 18DAD0181CB68D140033F89F /* Project object */;
}
